# THIS IS AN AUTOGENERATED FILE. DO NOT EDIT THIS FILE DIRECTLY.
# yarn lockfile v1


zenn-cli@^0.1.115:
  version "0.1.131"
  resolved "https://registry.yarnpkg.com/zenn-cli/-/zenn-cli-0.1.131.tgz#e61fc95158437a2ce6a8a2b4d7185b42dac7faf2"
  integrity sha512-oikfVMJHSKMFpN3nhhwb8sy0890HJGgC3T4Q5/Av75SWRy8uAUJUSGNDFJL+ysResBFJwXsf/Pg0GHmRMbkUPQ==
